<?xml version="1.0" encoding="utf-8"?>
<Project ToolsVersion="4.0" xmlns="http://schemas.microsoft.com/developer/msbuild/2003">
  <ItemGroup>
    <Filter Include="소스 파일">
      <UniqueIdentifier>{4FC737F1-C7A5-4376-A066-2A32D752A2FF}</UniqueIdentifier>
      <Extensions>cpp;c;cc;cxx;def;odl;idl;hpj;bat;asm;asmx</Extensions>
    </Filter>
    <Filter Include="헤더 파일">
      <UniqueIdentifier>{93995380-89BD-4b04-88EB-625FBE52EBFB}</UniqueIdentifier>
      <Extensions>h;hh;hpp;hxx;hm;inl;inc;xsd</Extensions>
    </Filter>
    <Filter Include="리소스 파일">
      <UniqueIdentifier>{67DA6AB6-F800-4c08-8B7A-83BB121AAD01}</UniqueIdentifier>
      <Extensions>rc;ico;cur;bmp;dlg;rc2;rct;bin;rgs;gif;jpg;jpeg;jpe;resx;tiff;tif;png;wav;mfcribbon-ms</Extensions>
    </Filter>
    <Filter Include="99. Header">
      <UniqueIdentifier>{fbe2a4a3-fba0-4c49-8f48-026bfd31270f}</UniqueIdentifier>
    </Filter>
    <Filter Include="00. MainGame">
      <UniqueIdentifier>{2d3279d5-6d01-45c7-bb99-c63f14a76ad9}</UniqueIdentifier>
    </Filter>
    <Filter Include="01. Obj">
      <UniqueIdentifier>{c91568ba-1c51-4366-8827-f9ce8e185221}</UniqueIdentifier>
    </Filter>
    <Filter Include="01. Obj\00. Player">
      <UniqueIdentifier>{bc87a0ea-e5c3-4b9c-b118-23af02ef9935}</UniqueIdentifier>
    </Filter>
    <Filter Include="01. Obj\01. Bullet">
      <UniqueIdentifier>{c74ec3a3-edbe-48ed-97c3-c0e21c9225ea}</UniqueIdentifier>
    </Filter>
    <Filter Include="98. Design">
      <UniqueIdentifier>{6d57fc6e-bce3-4072-95ca-66fdfe1f7d9b}</UniqueIdentifier>
    </Filter>
    <Filter Include="98. Design\AbstractFactory">
      <UniqueIdentifier>{46a30c8b-c1ef-4525-821a-e09f38f11e8d}</UniqueIdentifier>
    </Filter>
    <Filter Include="01. Obj\02. Monster">
      <UniqueIdentifier>{e0ab47df-43ed-4ed6-be54-3523b7b16a3a}</UniqueIdentifier>
    </Filter>
    <Filter Include="98. Design\CollisionMgr">
      <UniqueIdentifier>{fa05d23f-9bed-4d57-a264-a1373a4d93d9}</UniqueIdentifier>
    </Filter>
    <Filter Include="98. Design\ObjMgr">
      <UniqueIdentifier>{b8f3e418-0ee7-45f4-878d-8c37d424702c}</UniqueIdentifier>
    </Filter>
    <Filter Include="98. Design\LineMgr">
      <UniqueIdentifier>{fec09d62-2538-43f5-8757-fd75139a1004}</UniqueIdentifier>
    </Filter>
    <Filter Include="98. Design\LineMgr\Line">
      <UniqueIdentifier>{78089d7c-1a72-4b00-a5c3-2694677ffecd}</UniqueIdentifier>
    </Filter>
    <Filter Include="98. Design\KeyMgr">
      <UniqueIdentifier>{998895f2-0d0b-4972-a38a-be4af97c3967}</UniqueIdentifier>
    </Filter>
    <Filter Include="98. Design\ScrollMgr">
      <UniqueIdentifier>{16b763d1-cb79-4549-938d-4c702b0b1c44}</UniqueIdentifier>
    </Filter>
    <Filter Include="98. Design\BmpMgr">
      <UniqueIdentifier>{caf94bd5-6c56-4104-a9f0-d20f1454d037}</UniqueIdentifier>
    </Filter>
    <Filter Include="98. Design\BmpMgr\MyBmp">
      <UniqueIdentifier>{d1393e91-b342-4b26-92ad-58009be5bcee}</UniqueIdentifier>
    </Filter>
    <Filter Include="02. Scene">
      <UniqueIdentifier>{3ec059c9-6cdd-4c42-a859-c82f12cca039}</UniqueIdentifier>
    </Filter>
    <Filter Include="02. Scene\00. Logo">
      <UniqueIdentifier>{74472493-4e8c-4865-8d0b-52ceec85685f}</UniqueIdentifier>
    </Filter>
    <Filter Include="02. Scene\01. MyMenu">
      <UniqueIdentifier>{cf36b007-ce9b-43f5-bf6f-9599e38dc4aa}</UniqueIdentifier>
    </Filter>
    <Filter Include="02. Scene\02. MyEdit">
      <UniqueIdentifier>{db9c4c68-32b5-47cc-9438-f47e5c62d003}</UniqueIdentifier>
    </Filter>
    <Filter Include="02. Scene\03. Stage">
      <UniqueIdentifier>{7bbb08bb-a072-4c87-8ea6-b615b6424c7b}</UniqueIdentifier>
    </Filter>
    <Filter Include="98. Design\SceneMgr">
      <UniqueIdentifier>{ec002d72-ac40-4e76-9806-1de9a10dc77c}</UniqueIdentifier>
    </Filter>
    <Filter Include="98. Design\TIleMgr">
      <UniqueIdentifier>{92d5923c-8bff-42f8-abb2-626a50c74159}</UniqueIdentifier>
    </Filter>
    <Filter Include="98. Design\SoundMgr">
      <UniqueIdentifier>{0cac99f0-bdb5-437d-a525-ae3a2ecbc1e3}</UniqueIdentifier>
    </Filter>
    <Filter Include="01. Obj\03. MyButton">
      <UniqueIdentifier>{5d174640-d014-46b2-ba40-d8af134d665a}</UniqueIdentifier>
    </Filter>
    <Filter Include="01. Obj\04. Tile">
      <UniqueIdentifier>{0df1c99a-4be2-4da8-b1e7-b092f0b0256e}</UniqueIdentifier>
    </Filter>
    <Filter Include="01. Obj\05.Mouse">
      <UniqueIdentifier>{c41eb597-3731-424b-a8c0-42bf9c53e9f9}</UniqueIdentifier>
    </Filter>
    <Filter Include="01. Obj\06.Weapon">
      <UniqueIdentifier>{094bf51f-a0a7-4ba2-8369-686008005f8f}</UniqueIdentifier>
    </Filter>
    <Filter Include="01. Obj\06.Weapon\00.Gun">
      <UniqueIdentifier>{b073d5c4-852a-426a-8db3-4b0d873d90d2}</UniqueIdentifier>
    </Filter>
    <Filter Include="01. Obj\06.Weapon\01.Comando">
      <UniqueIdentifier>{c1040db2-29a3-4772-bb1a-8a138e36df37}</UniqueIdentifier>
    </Filter>
    <Filter Include="01. Obj\01. Bullet\01. GuideBullet">
      <UniqueIdentifier>{d12b3d4b-93c0-4c53-b5f0-a89d4e1f69b3}</UniqueIdentifier>
    </Filter>
    <Filter Include="01. Obj\01. Bullet\00.NomalBullet">
      <UniqueIdentifier>{309b85bc-4fb9-450a-bad5-a79bf936aee6}</UniqueIdentifier>
    </Filter>
    <Filter Include="01. Obj\02. Monster\BossMonster">
      <UniqueIdentifier>{f6daa8b1-51ed-4907-a449-d7b9746b7d9e}</UniqueIdentifier>
    </Filter>
    <Filter Include="01. Obj\01. Bullet\02.BossBullet">
      <UniqueIdentifier>{f60f5344-761e-48c5-851c-3ba637874430}</UniqueIdentifier>
    </Filter>
    <Filter Include="01. Obj\01. Bullet\03.BossBomb">
      <UniqueIdentifier>{6ddd478c-3783-491c-b277-71a241d6ed8d}</UniqueIdentifier>
    </Filter>
    <Filter Include="00. MainGame\00.UI">
      <UniqueIdentifier>{3d3d0a4a-c487-4dfe-8228-98d2a7db222d}</UniqueIdentifier>
    </Filter>
    <Filter Include="00. MainGame\00.UI\00.Inventory">
      <UniqueIdentifier>{54683c04-aabf-450b-9a5e-1c39089c0748}</UniqueIdentifier>
    </Filter>
    <Filter Include="01. Obj\Hp">
      <UniqueIdentifier>{770d4e2b-7940-4368-bdea-e409b87cd631}</UniqueIdentifier>
    </Filter>
    <Filter Include="98. Design\NewFilter1">
      <UniqueIdentifier>{5a4aa635-833d-4bbb-ae76-3a9e8b6de7e2}</UniqueIdentifier>
    </Filter>
    <Filter Include="01. Obj\01. Bullet\04.MonsterBullet">
      <UniqueIdentifier>{482c49aa-5853-47c7-ab53-0f8018de7f30}</UniqueIdentifier>
    </Filter>
    <Filter Include="00. MainGame\00.UI\01.Potion">
      <UniqueIdentifier>{361bff6e-51f4-48dc-8fbe-bf9152b4c92b}</UniqueIdentifier>
    </Filter>
    <Filter Include="01. Obj\06.Weapon\03.Shark">
      <UniqueIdentifier>{391e676e-9ab9-48a1-9b4a-b8bbcf6957a3}</UniqueIdentifier>
    </Filter>
    <Filter Include="01. Obj\06.Weapon\02.Lamp">
      <UniqueIdentifier>{db8cb5f5-68f2-4035-b88e-805d90dc34e5}</UniqueIdentifier>
    </Filter>
    <Filter Include="01. Obj\01. Bullet\05.LampBullet">
      <UniqueIdentifier>{ab894396-ee20-4108-9a2b-fa552acf6bd4}</UniqueIdentifier>
    </Filter>
    <Filter Include="01. Obj\01. Bullet\06.SharkBullet">
      <UniqueIdentifier>{7e0eaecf-2650-4b3d-9544-37c4c4ef4727}</UniqueIdentifier>
    </Filter>
    <Filter Include="02. Scene\04.Hidden">
      <UniqueIdentifier>{9865d9ad-80d7-47d0-9e1c-33c26b999113}</UniqueIdentifier>
    </Filter>
    <Filter Include="01. Obj\Pet">
      <UniqueIdentifier>{75a179e7-e28f-45d9-bd22-caf45da957a3}</UniqueIdentifier>
    </Filter>
  </ItemGroup>
  <ItemGroup>
    <Text Include="ReadMe.txt" />
  </ItemGroup>
  <ItemGroup>
    <ClInclude Include="stdafx.h">
      <Filter>헤더 파일</Filter>
    </ClInclude>
    <ClInclude Include="targetver.h">
      <Filter>헤더 파일</Filter>
    </ClInclude>
    <ClInclude Include="Resource.h">
      <Filter>헤더 파일</Filter>
    </ClInclude>
    <ClInclude Include="Default.h">
      <Filter>헤더 파일</Filter>
    </ClInclude>
    <ClInclude Include="Define.h">
      <Filter>99. Header</Filter>
    </ClInclude>
    <ClInclude Include="Struct.h">
      <Filter>99. Header</Filter>
    </ClInclude>
    <ClInclude Include="Functor.h">
      <Filter>99. Header</Filter>
    </ClInclude>
    <ClInclude Include="Include.h">
      <Filter>99. Header</Filter>
    </ClInclude>
    <ClInclude Include="MainGame.h">
      <Filter>00. MainGame</Filter>
    </ClInclude>
    <ClInclude Include="Obj.h">
      <Filter>01. Obj</Filter>
    </ClInclude>
    <ClInclude Include="Player.h">
      <Filter>01. Obj\00. Player</Filter>
    </ClInclude>
    <ClInclude Include="AbstractFactory.h">
      <Filter>98. Design\AbstractFactory</Filter>
    </ClInclude>
    <ClInclude Include="Monster.h">
      <Filter>01. Obj\02. Monster</Filter>
    </ClInclude>
    <ClInclude Include="CollisionMgr.h">
      <Filter>98. Design\CollisionMgr</Filter>
    </ClInclude>
    <ClInclude Include="GuideBullet.h">
      <Filter>01. Obj\01. Bullet\01. GuideBullet</Filter>
    </ClInclude>
    <ClInclude Include="Line.h">
      <Filter>98. Design\LineMgr\Line</Filter>
    </ClInclude>
    <ClInclude Include="LineMgr.h">
      <Filter>98. Design\LineMgr</Filter>
    </ClInclude>
    <ClInclude Include="KeyMgr.h">
      <Filter>98. Design\KeyMgr</Filter>
    </ClInclude>
    <ClInclude Include="ScrollMgr.h">
      <Filter>98. Design\ScrollMgr</Filter>
    </ClInclude>
    <ClInclude Include="MyBmp.h">
      <Filter>98. Design\BmpMgr\MyBmp</Filter>
    </ClInclude>
    <ClInclude Include="BmpMgr.h">
      <Filter>98. Design\BmpMgr</Filter>
    </ClInclude>
    <ClInclude Include="Scene.h">
      <Filter>02. Scene</Filter>
    </ClInclude>
    <ClInclude Include="Logo.h">
      <Filter>02. Scene\00. Logo</Filter>
    </ClInclude>
    <ClInclude Include="SceneMgr.h">
      <Filter>98. Design\SceneMgr</Filter>
    </ClInclude>
    <ClInclude Include="MyMenu.h">
      <Filter>02. Scene\01. MyMenu</Filter>
    </ClInclude>
    <ClInclude Include="MyButton.h">
      <Filter>01. Obj\03. MyButton</Filter>
    </ClInclude>
    <ClInclude Include="Stage.h">
      <Filter>02. Scene\03. Stage</Filter>
    </ClInclude>
    <ClInclude Include="MyEdit.h">
      <Filter>02. Scene\02. MyEdit</Filter>
    </ClInclude>
    <ClInclude Include="Tile.h">
      <Filter>01. Obj\04. Tile</Filter>
    </ClInclude>
    <ClInclude Include="TileMgr.h">
      <Filter>98. Design\TIleMgr</Filter>
    </ClInclude>
    <ClInclude Include="SoundMgr.h">
      <Filter>98. Design\SoundMgr</Filter>
    </ClInclude>
    <ClInclude Include="Mouse.h">
      <Filter>01. Obj\05.Mouse</Filter>
    </ClInclude>
    <ClInclude Include="Gun.h">
      <Filter>01. Obj\06.Weapon\00.Gun</Filter>
    </ClInclude>
    <ClInclude Include="Bullet.h">
      <Filter>01. Obj\01. Bullet\00.NomalBullet</Filter>
    </ClInclude>
    <ClInclude Include="Comando.h">
      <Filter>01. Obj\06.Weapon\01.Comando</Filter>
    </ClInclude>
    <ClInclude Include="ObjMgr.h">
      <Filter>98. Design\ObjMgr</Filter>
    </ClInclude>
    <ClInclude Include="Inventory.h">
      <Filter>00. MainGame\00.UI\00.Inventory</Filter>
    </ClInclude>
    <ClInclude Include="BossMonster.h">
      <Filter>01. Obj\02. Monster\BossMonster</Filter>
    </ClInclude>
    <ClInclude Include="BossBullet.h">
      <Filter>01. Obj\01. Bullet\02.BossBullet</Filter>
    </ClInclude>
    <ClInclude Include="BossBomb.h">
      <Filter>01. Obj\01. Bullet\03.BossBomb</Filter>
    </ClInclude>
    <ClInclude Include="HpBar.h">
      <Filter>01. Obj\Hp</Filter>
    </ClInclude>
    <ClInclude Include="Enum.h">
      <Filter>99. Header</Filter>
    </ClInclude>
    <ClInclude Include="MonsterBullet.h">
      <Filter>01. Obj\01. Bullet\04.MonsterBullet</Filter>
    </ClInclude>
    <ClInclude Include="Monster2.h">
      <Filter>01. Obj\02. Monster</Filter>
    </ClInclude>
    <ClInclude Include="Potion.h">
      <Filter>00. MainGame\00.UI\01.Potion</Filter>
    </ClInclude>
    <ClInclude Include="Shark.h">
      <Filter>01. Obj\06.Weapon\03.Shark</Filter>
    </ClInclude>
    <ClInclude Include="Lamp.h">
      <Filter>01. Obj\06.Weapon\02.Lamp</Filter>
    </ClInclude>
    <ClInclude Include="LampBullet.h">
      <Filter>01. Obj\01. Bullet\05.LampBullet</Filter>
    </ClInclude>
    <ClInclude Include="SharkBullet.h">
      <Filter>01. Obj\01. Bullet\06.SharkBullet</Filter>
    </ClInclude>
    <ClInclude Include="Hidden.h">
      <Filter>02. Scene\04.Hidden</Filter>
    </ClInclude>
    <ClInclude Include="Host.h">
      <Filter>01. Obj\02. Monster</Filter>
    </ClInclude>
    <ClInclude Include="HostBullet.h">
      <Filter>01. Obj\01. Bullet\02.BossBullet</Filter>
    </ClInclude>
    <ClInclude Include="Baba.h">
      <Filter>01. Obj\Pet</Filter>
    </ClInclude>
    <ClInclude Include="Junior.h">
      <Filter>01. Obj\Pet</Filter>
    </ClInclude>
  </ItemGroup>
  <ItemGroup>
    <ClCompile Include="stdafx.cpp">
      <Filter>소스 파일</Filter>
    </ClCompile>
    <ClCompile Include="Default.cpp">
      <Filter>소스 파일</Filter>
    </ClCompile>
    <ClCompile Include="MainGame.cpp">
      <Filter>00. MainGame</Filter>
    </ClCompile>
    <ClCompile Include="Obj.cpp">
      <Filter>01. Obj</Filter>
    </ClCompile>
    <ClCompile Include="Player.cpp">
      <Filter>01. Obj\00. Player</Filter>
    </ClCompile>
    <ClCompile Include="Monster.cpp">
      <Filter>01. Obj\02. Monster</Filter>
    </ClCompile>
    <ClCompile Include="CollisionMgr.cpp">
      <Filter>98. Design\CollisionMgr</Filter>
    </ClCompile>
    <ClCompile Include="ObjMgr.cpp">
      <Filter>98. Design\ObjMgr</Filter>
    </ClCompile>
    <ClCompile Include="GuideBullet.cpp">
      <Filter>01. Obj\01. Bullet\01. GuideBullet</Filter>
    </ClCompile>
    <ClCompile Include="Line.cpp">
      <Filter>98. Design\LineMgr\Line</Filter>
    </ClCompile>
    <ClCompile Include="LineMgr.cpp">
      <Filter>98. Design\LineMgr</Filter>
    </ClCompile>
    <ClCompile Include="KeyMgr.cpp">
      <Filter>98. Design\KeyMgr</Filter>
    </ClCompile>
    <ClCompile Include="ScrollMgr.cpp">
      <Filter>98. Design\ScrollMgr</Filter>
    </ClCompile>
    <ClCompile Include="MyBmp.cpp">
      <Filter>98. Design\BmpMgr\MyBmp</Filter>
    </ClCompile>
    <ClCompile Include="BmpMgr.cpp">
      <Filter>98. Design\BmpMgr</Filter>
    </ClCompile>
    <ClCompile Include="Scene.cpp">
      <Filter>02. Scene</Filter>
    </ClCompile>
    <ClCompile Include="Logo.cpp">
      <Filter>02. Scene\00. Logo</Filter>
    </ClCompile>
    <ClCompile Include="SceneMgr.cpp">
      <Filter>98. Design\SceneMgr</Filter>
    </ClCompile>
    <ClCompile Include="MyMenu.cpp">
      <Filter>02. Scene\01. MyMenu</Filter>
    </ClCompile>
    <ClCompile Include="MyButton.cpp">
      <Filter>01. Obj\03. MyButton</Filter>
    </ClCompile>
    <ClCompile Include="Stage.cpp">
      <Filter>02. Scene\03. Stage</Filter>
    </ClCompile>
    <ClCompile Include="MyEdit.cpp">
      <Filter>02. Scene\02. MyEdit</Filter>
    </ClCompile>
    <ClCompile Include="Tile.cpp">
      <Filter>01. Obj\04. Tile</Filter>
    </ClCompile>
    <ClCompile Include="TileMgr.cpp">
      <Filter>98. Design\TIleMgr</Filter>
    </ClCompile>
    <ClCompile Include="SoundMgr.cpp">
      <Filter>98. Design\SoundMgr</Filter>
    </ClCompile>
    <ClCompile Include="Mouse.cpp">
      <Filter>01. Obj\05.Mouse</Filter>
    </ClCompile>
    <ClCompile Include="Gun.cpp">
      <Filter>01. Obj\06.Weapon\00.Gun</Filter>
    </ClCompile>
    <ClCompile Include="Bullet.cpp">
      <Filter>01. Obj\01. Bullet\00.NomalBullet</Filter>
    </ClCompile>
    <ClCompile Include="Comando.cpp">
      <Filter>01. Obj\06.Weapon\01.Comando</Filter>
    </ClCompile>
    <ClCompile Include="Inventory.cpp">
      <Filter>00. MainGame\00.UI\00.Inventory</Filter>
    </ClCompile>
    <ClCompile Include="BossMonster.cpp">
      <Filter>01. Obj\02. Monster\BossMonster</Filter>
    </ClCompile>
    <ClCompile Include="BossBullet.cpp">
      <Filter>01. Obj\01. Bullet\02.BossBullet</Filter>
    </ClCompile>
    <ClCompile Include="BossBomb.cpp">
      <Filter>01. Obj\01. Bullet\03.BossBomb</Filter>
    </ClCompile>
    <ClCompile Include="HpBar.cpp">
      <Filter>01. Obj\Hp</Filter>
    </ClCompile>
    <ClCompile Include="MonsterBullet.cpp">
      <Filter>01. Obj\01. Bullet\04.MonsterBullet</Filter>
    </ClCompile>
    <ClCompile Include="Monster2.cpp">
      <Filter>01. Obj\02. Monster</Filter>
    </ClCompile>
    <ClCompile Include="Potion.cpp">
      <Filter>00. MainGame\00.UI\01.Potion</Filter>
    </ClCompile>
    <ClCompile Include="Shark.cpp">
      <Filter>01. Obj\06.Weapon\03.Shark</Filter>
    </ClCompile>
    <ClCompile Include="Lamp.cpp">
      <Filter>01. Obj\06.Weapon\02.Lamp</Filter>
    </ClCompile>
    <ClCompile Include="LampBullet.cpp">
      <Filter>01. Obj\01. Bullet\05.LampBullet</Filter>
    </ClCompile>
    <ClCompile Include="SharkBullet.cpp">
      <Filter>01. Obj\01. Bullet\06.SharkBullet</Filter>
    </ClCompile>
    <ClCompile Include="Hidden.cpp">
      <Filter>02. Scene\04.Hidden</Filter>
    </ClCompile>
    <ClCompile Include="Host.cpp">
      <Filter>01. Obj\02. Monster</Filter>
    </ClCompile>
    <ClCompile Include="HostBullet.cpp">
      <Filter>01. Obj\01. Bullet\02.BossBullet</Filter>
    </ClCompile>
    <ClCompile Include="Baba.cpp">
      <Filter>01. Obj\Pet</Filter>
    </ClCompile>
    <ClCompile Include="Junior.cpp">
      <Filter>01. Obj\Pet</Filter>
    </ClCompile>
  </ItemGroup>
  <ItemGroup>
    <ResourceCompile Include="Default.rc">
      <Filter>리소스 파일</Filter>
    </ResourceCompile>
  </ItemGroup>
  <ItemGroup>
    <Image Include="small.ico">
      <Filter>리소스 파일</Filter>
    </Image>
    <Image Include="Default.ico">
      <Filter>리소스 파일</Filter>
    </Image>
  </ItemGroup>
</Project>